
Microsoft Visual Studio Solution File, Format Version 12.00
# Visual Studio Version 16
VisualStudioVersion = 16.0.31205.134
MinimumVisualStudioVersion = 10.0.40219.1
Project("{9A19103F-16F7-4668-BE54-9A1E7A4F7556}") = "Fulfilment.Authorization", "fulfilment-authz\Fulfilment.Authorization.csproj", "{976C2279-0A7B-450E-B64B-966AFE89F787}"
EndProject
Project("{9A19103F-16F7-4668-BE54-9A1E7A4F7556}") = "Fulfilment.Web", "fulfilment-web\Fulfilment.Web.csproj", "{54A01F9B-D769-4752-9CDA-CFD78B00B742}"
EndProject
Project("{FAE04EC0-301F-11D3-BF4B-00C04F79EFBC}") = "Fulfilment.Core", "Fulfilment.Core\Fulfilment.Core.csproj", "{AEAABC79-5007-4BBA-BD41-654834BE637B}"
EndProject
Global
	GlobalSection(SolutionConfigurationPlatforms) = preSolution
		Debug|Any CPU = Debug|Any CPU
		Release|Any CPU = Release|Any CPU
	EndGlobalSection
	GlobalSection(ProjectConfigurationPlatforms) = postSolution
		{976C2279-0A7B-450E-B64B-966AFE89F787}.Debug|Any CPU.ActiveCfg = Debug|Any CPU
		{976C2279-0A7B-450E-B64B-966AFE89F787}.Debug|Any CPU.Build.0 = Debug|Any CPU
		{976C2279-0A7B-450E-B64B-966AFE89F787}.Release|Any CPU.ActiveCfg = Release|Any CPU
		{976C2279-0A7B-450E-B64B-966AFE89F787}.Release|Any CPU.Build.0 = Release|Any CPU
		{54A01F9B-D769-4752-9CDA-CFD78B00B742}.Debug|Any CPU.ActiveCfg = Debug|Any CPU
		{54A01F9B-D769-4752-9CDA-CFD78B00B742}.Debug|Any CPU.Build.0 = Debug|Any CPU
		{54A01F9B-D769-4752-9CDA-CFD78B00B742}.Release|Any CPU.ActiveCfg = Release|Any CPU
		{54A01F9B-D769-4752-9CDA-CFD78B00B742}.Release|Any CPU.Build.0 = Release|Any CPU
		{AEAABC79-5007-4BBA-BD41-654834BE637B}.Debug|Any CPU.ActiveCfg = Debug|Any CPU
		{AEAABC79-5007-4BBA-BD41-654834BE637B}.Debug|Any CPU.Build.0 = Debug|Any CPU
		{AEAABC79-5007-4BBA-BD41-654834BE637B}.Release|Any CPU.ActiveCfg = Release|Any CPU
		{AEAABC79-5007-4BBA-BD41-654834BE637B}.Release|Any CPU.Build.0 = Release|Any CPU
	EndGlobalSection
	GlobalSection(SolutionProperties) = preSolution
		HideSolutionNode = FALSE
	EndGlobalSection
	GlobalSection(ExtensibilityGlobals) = postSolution
		SolutionGuid = {1B88D6F8-65AF-4F11-8EE7-73356B879482}
	EndGlobalSection
EndGlobal
